<?xml version="1.0" encoding="utf-8"?>
<Project ToolsVersion="4.0" xmlns="http://schemas.microsoft.com/developer/msbuild/2003">
  <ItemGroup>
    <Filter Include="Source Files">
      <UniqueIdentifier>{4FC737F1-C7A5-4376-A066-2A32D752A2FF}</UniqueIdentifier>
      <Extensions>cpp;c;cc;cxx;c++;cppm;ixx;def;odl;idl;hpj;bat;asm;asmx</Extensions>
    </Filter>
    <Filter Include="Header Files">
      <UniqueIdentifier>{93995380-89BD-4b04-88EB-625FBE52EBFB}</UniqueIdentifier>
      <Extensions>h;hh;hpp;hxx;h++;hm;inl;inc;ipp;xsd</Extensions>
    </Filter>
    <Filter Include="Resource Files">
      <UniqueIdentifier>{67DA6AB6-F800-4c08-8B7A-83BB121AAD01}</UniqueIdentifier>
      <Extensions>rc;ico;cur;bmp;dlg;rc2;rct;bin;rgs;gif;jpg;jpeg;jpe;resx;tiff;tif;png;wav;mfcribbon-ms</Extensions>
    </Filter>
  </ItemGroup>
  <ItemGroup>
    <ClInclude Include="Include\Tera\Cast.h">
      <Filter>Header Files</Filter>
    </ClInclude>
    <ClInclude Include="Include\Tera\Core.h">
      <Filter>Header Files</Filter>
    </ClInclude>
    <ClInclude Include="Include\Tera\CoreCompression.h">
      <Filter>Header Files</Filter>
    </ClInclude>
    <ClInclude Include="Include\Tera\CoreDebug.h">
      <Filter>Header Files</Filter>
    </ClInclude>
    <ClInclude Include="Include\Tera\CoreMath.h">
      <Filter>Header Files</Filter>
    </ClInclude>
    <ClInclude Include="Include\Tera\CoreStrings.h">
      <Filter>Header Files</Filter>
    </ClInclude>
    <ClInclude Include="Include\Tera\CoreTypes.h">
      <Filter>Header Files</Filter>
    </ClInclude>
    <ClInclude Include="Include\Tera\CoreVersion.h">
      <Filter>Header Files</Filter>
    </ClInclude>
    <ClInclude Include="Include\Tera\DC.h">
      <Filter>Header Files</Filter>
    </ClInclude>
    <ClInclude Include="Include\Tera\FFlags.h">
      <Filter>Header Files</Filter>
    </ClInclude>
    <ClInclude Include="Include\Tera\FMapper.h">
      <Filter>Header Files</Filter>
    </ClInclude>
    <ClInclude Include="Include\Tera\FMeshCommon.h">
      <Filter>Header Files</Filter>
    </ClInclude>
    <ClInclude Include="Include\Tera\FName.h">
      <Filter>Header Files</Filter>
    </ClInclude>
    <ClInclude Include="Include\Tera\FObjectArray.h">
      <Filter>Header Files</Filter>
    </ClInclude>
    <ClInclude Include="Include\Tera\FObjectResource.h">
      <Filter>Header Files</Filter>
    </ClInclude>
    <ClInclude Include="Include\Tera\FPackage.h">
      <Filter>Header Files</Filter>
    </ClInclude>
    <ClInclude Include="Include\Tera\FPropertyTag.h">
      <Filter>Header Files</Filter>
    </ClInclude>
    <ClInclude Include="Include\Tera\FStream.h">
      <Filter>Header Files</Filter>
    </ClInclude>
    <ClInclude Include="Include\Tera\FString.h">
      <Filter>Header Files</Filter>
    </ClInclude>
    <ClInclude Include="Include\Tera\FStructs.h">
      <Filter>Header Files</Filter>
    </ClInclude>
    <ClInclude Include="Include\Tera\kDOP.h">
      <Filter>Header Files</Filter>
    </ClInclude>
    <ClInclude Include="Include\Tera\UActor.h">
      <Filter>Header Files</Filter>
    </ClInclude>
    <ClInclude Include="Include\Tera\UActorComponent.h">
      <Filter>Header Files</Filter>
    </ClInclude>
    <ClInclude Include="Include\Tera\UAnimation.h">
      <Filter>Header Files</Filter>
    </ClInclude>
    <ClInclude Include="Include\Tera\UClass.h">
      <Filter>Header Files</Filter>
    </ClInclude>
    <ClInclude Include="Include\Tera\UComponent.h">
      <Filter>Header Files</Filter>
    </ClInclude>
    <ClInclude Include="Include\Tera\ULevel.h">
      <Filter>Header Files</Filter>
    </ClInclude>
    <ClInclude Include="Include\Tera\ULevelStreaming.h">
      <Filter>Header Files</Filter>
    </ClInclude>
    <ClInclude Include="Include\Tera\ULight.h">
      <Filter>Header Files</Filter>
    </ClInclude>
    <ClInclude Include="Include\Tera\ULightMap.h">
      <Filter>Header Files</Filter>
    </ClInclude>
    <ClInclude Include="Include\Tera\UMaterial.h">
      <Filter>Header Files</Filter>
    </ClInclude>
    <ClInclude Include="Include\Tera\UMaterialExpression.h">
      <Filter>Header Files</Filter>
    </ClInclude>
    <ClInclude Include="Include\Tera\UMetaData.h">
      <Filter>Header Files</Filter>
    </ClInclude>
    <ClInclude Include="Include\Tera\UModel.h">
      <Filter>Header Files</Filter>
    </ClInclude>
    <ClInclude Include="Include\Tera\UNames.h">
      <Filter>Header Files</Filter>
    </ClInclude>
    <ClInclude Include="Include\Tera\UObject.h">
      <Filter>Header Files</Filter>
    </ClInclude>
    <ClInclude Include="Include\Tera\UObjectHelpers.h">
      <Filter>Header Files</Filter>
    </ClInclude>
    <ClInclude Include="Include\Tera\UObjectRedirector.h">
      <Filter>Header Files</Filter>
    </ClInclude>
    <ClInclude Include="Include\Tera\UObjectReferencer.h">
      <Filter>Header Files</Filter>
    </ClInclude>
    <ClInclude Include="Include\Tera\UPersistentCookerData.h">
      <Filter>Header Files</Filter>
    </ClInclude>
    <ClInclude Include="Include\Tera\UPhysAsset.h">
      <Filter>Header Files</Filter>
    </ClInclude>
    <ClInclude Include="Include\Tera\UPrefab.h">
      <Filter>Header Files</Filter>
    </ClInclude>
    <ClInclude Include="Include\Tera\UProperty.h">
      <Filter>Header Files</Filter>
    </ClInclude>
    <ClInclude Include="Include\Tera\USkeletalMesh.h">
      <Filter>Header Files</Filter>
    </ClInclude>
    <ClInclude Include="Include\Tera\USoundNode.h">
      <Filter>Header Files</Filter>
    </ClInclude>
    <ClInclude Include="Include\Tera\USpeedTree.h">
      <Filter>Header Files</Filter>
    </ClInclude>
    <ClInclude Include="Include\Tera\UStaticMesh.h">
      <Filter>Header Files</Filter>
    </ClInclude>
    <ClInclude Include="Include\Tera\UTerrain.h">
      <Filter>Header Files</Filter>
    </ClInclude>
    <ClInclude Include="Include\Tera\UTexture.h">
      <Filter>Header Files</Filter>
    </ClInclude>
    <ClInclude Include="Include\Tera\UVolumes.h">
      <Filter>Header Files</Filter>
    </ClInclude>
    <ClInclude Include="Include\Tera\Utils\ALog.h">
      <Filter>Header Files</Filter>
    </ClInclude>
    <ClInclude Include="Include\Tera\Utils\APerfSamples.h">
      <Filter>Header Files</Filter>
    </ClInclude>
    <ClInclude Include="Private\DCImpl.h">
      <Filter>Header Files</Filter>
    </ClInclude>
    <ClInclude Include="Include\Tera\Utils\TextureUtils.h">
      <Filter>Header Files</Filter>
    </ClInclude>
    <ClInclude Include="Private\DCKeyToolImp.h">
      <Filter>Header Files</Filter>
    </ClInclude>
    <ClInclude Include="Include\Tera\Utils\DCKeyTool.h">
      <Filter>Header Files</Filter>
    </ClInclude>
    <ClInclude Include="Include\Tera\Utils\MeshUtils.h">
      <Filter>Header Files</Filter>
    </ClInclude>
    <ClInclude Include="Private\FbxMeshUtils.h">
      <Filter>Header Files</Filter>
    </ClInclude>
    <ClInclude Include="Private\PskMeshUtils.h">
      <Filter>Header Files</Filter>
    </ClInclude>
    <ClInclude Include="Include\Tera\Utils\T3DUtils.h">
      <Filter>Header Files</Filter>
    </ClInclude>
    <ClInclude Include="Include\Tera\Utils\ALDevice.h">
      <Filter>Header Files</Filter>
    </ClInclude>
    <ClInclude Include="Include\Tera\CoreTMM.h">
      <Filter>Header Files</Filter>
    </ClInclude>
    <ClInclude Include="Include\Tera\ULandscape.h">
      <Filter>Header Files</Filter>
    </ClInclude>
  </ItemGroup>
  <ItemGroup>
    <ClCompile Include="Src\Core.cpp">
      <Filter>Source Files</Filter>
    </ClCompile>
    <ClCompile Include="Src\DC.cpp">
      <Filter>Source Files</Filter>
    </ClCompile>
    <ClCompile Include="Src\FMapper.cpp">
      <Filter>Source Files</Filter>
    </ClCompile>
    <ClCompile Include="Src\FMeshCommon.cpp">
      <Filter>Source Files</Filter>
    </ClCompile>
    <ClCompile Include="Src\FName.cpp">
      <Filter>Source Files</Filter>
    </ClCompile>
    <ClCompile Include="Src\FObjectResource.cpp">
      <Filter>Source Files</Filter>
    </ClCompile>
    <ClCompile Include="Src\FPackage.cpp">
      <Filter>Source Files</Filter>
    </ClCompile>
    <ClCompile Include="Src\FPropertyTag.cpp">
      <Filter>Source Files</Filter>
    </ClCompile>
    <ClCompile Include="Src\FStream.cpp">
      <Filter>Source Files</Filter>
    </ClCompile>
    <ClCompile Include="Src\FString.cpp">
      <Filter>Source Files</Filter>
    </ClCompile>
    <ClCompile Include="Src\FStructs.cpp">
      <Filter>Source Files</Filter>
    </ClCompile>
    <ClCompile Include="Src\UActor.cpp">
      <Filter>Source Files</Filter>
    </ClCompile>
    <ClCompile Include="Src\UActorComponent.cpp">
      <Filter>Source Files</Filter>
    </ClCompile>
    <ClCompile Include="Src\UAnimation.cpp">
      <Filter>Source Files</Filter>
    </ClCompile>
    <ClCompile Include="Src\UClass.cpp">
      <Filter>Source Files</Filter>
    </ClCompile>
    <ClCompile Include="Src\UComponent.cpp">
      <Filter>Source Files</Filter>
    </ClCompile>
    <ClCompile Include="Src\ULevel.cpp">
      <Filter>Source Files</Filter>
    </ClCompile>
    <ClCompile Include="Src\ULevelStreaming.cpp">
      <Filter>Source Files</Filter>
    </ClCompile>
    <ClCompile Include="Src\ULight.cpp">
      <Filter>Source Files</Filter>
    </ClCompile>
    <ClCompile Include="Src\ULightMap.cpp">
      <Filter>Source Files</Filter>
    </ClCompile>
    <ClCompile Include="Src\UMaterial.cpp">
      <Filter>Source Files</Filter>
    </ClCompile>
    <ClCompile Include="Src\UMaterialExpression.cpp">
      <Filter>Source Files</Filter>
    </ClCompile>
    <ClCompile Include="Src\UMetaData.cpp">
      <Filter>Source Files</Filter>
    </ClCompile>
    <ClCompile Include="Src\UModel.cpp">
      <Filter>Source Files</Filter>
    </ClCompile>
    <ClCompile Include="Src\UNames.cpp">
      <Filter>Source Files</Filter>
    </ClCompile>
    <ClCompile Include="Src\UObject.cpp">
      <Filter>Source Files</Filter>
    </ClCompile>
    <ClCompile Include="Src\UObjectFactory.cpp">
      <Filter>Source Files</Filter>
    </ClCompile>
    <ClCompile Include="Src\UObjectRedirector.cpp">
      <Filter>Source Files</Filter>
    </ClCompile>
    <ClCompile Include="Src\UObjectReferencer.cpp">
      <Filter>Source Files</Filter>
    </ClCompile>
    <ClCompile Include="Src\UPersistentCookerData.cpp">
      <Filter>Source Files</Filter>
    </ClCompile>
    <ClCompile Include="Src\UPhysAsset.cpp">
      <Filter>Source Files</Filter>
    </ClCompile>
    <ClCompile Include="Src\UPrefab.cpp">
      <Filter>Source Files</Filter>
    </ClCompile>
    <ClCompile Include="Src\UProperty.cpp">
      <Filter>Source Files</Filter>
    </ClCompile>
    <ClCompile Include="Src\USkeletalMesh.cpp">
      <Filter>Source Files</Filter>
    </ClCompile>
    <ClCompile Include="Src\USoundNode.cpp">
      <Filter>Source Files</Filter>
    </ClCompile>
    <ClCompile Include="Src\USpeedTree.cpp">
      <Filter>Source Files</Filter>
    </ClCompile>
    <ClCompile Include="Src\UStaticMesh.cpp">
      <Filter>Source Files</Filter>
    </ClCompile>
    <ClCompile Include="Src\UTerrain.cpp">
      <Filter>Source Files</Filter>
    </ClCompile>
    <ClCompile Include="Src\UTexture.cpp">
      <Filter>Source Files</Filter>
    </ClCompile>
    <ClCompile Include="Src\UVolumes.cpp">
      <Filter>Source Files</Filter>
    </ClCompile>
    <ClCompile Include="Src\ALog.cpp">
      <Filter>Source Files</Filter>
    </ClCompile>
    <ClCompile Include="Src\TextureProcessor.cpp">
      <Filter>Source Files</Filter>
    </ClCompile>
    <ClCompile Include="Src\DCKeyTool.cpp">
      <Filter>Source Files</Filter>
    </ClCompile>
    <ClCompile Include="Src\FbxMeshUtils.cpp">
      <Filter>Source Files</Filter>
    </ClCompile>
    <ClCompile Include="Src\PskMeshUtils.cpp">
      <Filter>Source Files</Filter>
    </ClCompile>
    <ClCompile Include="Src\TfcBuilder.cpp">
      <Filter>Source Files</Filter>
    </ClCompile>
    <ClCompile Include="Src\ALDevice.cpp">
      <Filter>Source Files</Filter>
    </ClCompile>
    <ClCompile Include="Src\MeshUtils.cpp">
      <Filter>Source Files</Filter>
    </ClCompile>
    <ClCompile Include="Src\ULandscape.cpp">
      <Filter>Source Files</Filter>
    </ClCompile>
  </ItemGroup>
</Project>